{
  "name": "markdown-handlebars",
  "version": "1.0.0",
  "lockfileVersion": 1,
  "requires": true,
  "dependencies": {
    "marked": {
      "version": "0.3.15",
      "resolved": "https://registry.npmjs.org/marked/-/marked-0.3.15.tgz",
      "integrity": "sha512-PToZtmCYVf4mlkmfoDPpsg3VJhkEvCHeTXSxbG3FBBxEoLAlxAsYPCADWx4+XBebMXCowDW7vaOGfRVjmFDM5w=="
    }
  }
}
